{
  "nodes": {
    "nixpkgs": {
      "locked": {
        "lastModified": 1683020768,
        "narHash": "sha256-ZyZl6k9NWS5QPwD3NoAVz/eSgodQDvl+y+fu8MVbrHc=",
        "owner": "nixos",
        "repo": "nixpkgs",
        "rev": "44f30edf5661d86fb3a95841c35127f3d0ea8b0f",
        "type": "github"
      },
      "original": {
        "owner": "nixos",
        "ref": "nixpkgs-unstable",
        "repo": "nixpkgs",
        "type": "github"
      }
    },
    "root": {
      "inputs": {
        "nixpkgs": "nixpkgs",
        "zsa": "zsa"
      }
    },
    "zsa": {
      "flake": false,
      "locked": {
        "lastModified": 1678870550,
        "narHash": "sha256-LWwQMIrk+3RxlR1zFLjS02kDuROV63ZZHF8oqGW1wYU=",
        "owner": "zsa",
        "repo": "qmk_firmware",
        "rev": "0f23d33a864b78b20b460eb9126ee17a26f6f0ac",
        "type": "github"
      },
      "original": {
        "owner": "zsa",
        "ref": "firmware22",
        "repo": "qmk_firmware",
        "type": "github"
      }
    }
  },
  "root": "root",
  "version": 7
}
